
Microsoft Visual Studio Solution File, Format Version 12.00
# Visual Studio Version 17
VisualStudioVersion = 17.5.002.0
MinimumVisualStudioVersion = 10.0.40219.1
Project("{9A19103F-16F7-4668-BE54-9A1E7A4F7556}") = "Formly", "Formly.csproj", "{1C0F966B-44ED-48FF-8EF8-0F7395AF8D5D}"
EndProject
Global
	GlobalSection(SolutionConfigurationPlatforms) = preSolution
		Debug|Any CPU = Debug|Any CPU
		Release|Any CPU = Release|Any CPU
	EndGlobalSection
	GlobalSection(ProjectConfigurationPlatforms) = postSolution
		{1C0F966B-44ED-48FF-8EF8-0F7395AF8D5D}.Debug|Any CPU.ActiveCfg = Debug|Any CPU
		{1C0F966B-44ED-48FF-8EF8-0F7395AF8D5D}.Debug|Any CPU.Build.0 = Debug|Any CPU
		{1C0F966B-44ED-48FF-8EF8-0F7395AF8D5D}.Release|Any CPU.ActiveCfg = Release|Any CPU
		{1C0F966B-44ED-48FF-8EF8-0F7395AF8D5D}.Release|Any CPU.Build.0 = Release|Any CPU
	EndGlobalSection
	GlobalSection(SolutionProperties) = preSolution
		HideSolutionNode = FALSE
	EndGlobalSection
	GlobalSection(ExtensibilityGlobals) = postSolution
		SolutionGuid = {298B1DD0-D61C-42DF-910A-832EDA5A89F3}
	EndGlobalSection
EndGlobal
